
Microsoft Visual Studio Solution File, Format Version 12.00
# Visual Studio Version 16
VisualStudioVersion = 16.0.28922.388
MinimumVisualStudioVersion = 10.0.40219.1
Project("{FAE04EC0-301F-11D3-BF4B-00C04F79EFBC}") = "Projetto_1", "Projetto_1\Projetto_1.csproj", "{14763DB8-11EB-455D-933B-820EFB835847}"
EndProject
Global
	GlobalSection(SolutionConfigurationPlatforms) = preSolution
		Debug|Any CPU = Debug|Any CPU
		Release|Any CPU = Release|Any CPU
	EndGlobalSection
	GlobalSection(ProjectConfigurationPlatforms) = postSolution
		{14763DB8-11EB-455D-933B-820EFB835847}.Debug|Any CPU.ActiveCfg = Debug|Any CPU
		{14763DB8-11EB-455D-933B-820EFB835847}.Debug|Any CPU.Build.0 = Debug|Any CPU
		{14763DB8-11EB-455D-933B-820EFB835847}.Release|Any CPU.ActiveCfg = Release|Any CPU
		{14763DB8-11EB-455D-933B-820EFB835847}.Release|Any CPU.Build.0 = Release|Any CPU
	EndGlobalSection
	GlobalSection(SolutionProperties) = preSolution
		HideSolutionNode = FALSE
	EndGlobalSection
	GlobalSection(ExtensibilityGlobals) = postSolution
		SolutionGuid = {9B806E89-BBB6-42B3-82EA-2A7B8D058327}
	EndGlobalSection
EndGlobal
